
Microsoft Visual Studio Solution File, Format Version 12.00
# Visual Studio Version 17
VisualStudioVersion = 17.5.002.0
MinimumVisualStudioVersion = 10.0.40219.1
Project("{9A19103F-16F7-4668-BE54-9A1E7A4F7556}") = "conceitos", "conceitos.csproj", "{2B72EF04-C054-46D1-ADBD-30726E0C225E}"
EndProject
Global
	GlobalSection(SolutionConfigurationPlatforms) = preSolution
		Debug|Any CPU = Debug|Any CPU
		Release|Any CPU = Release|Any CPU
	EndGlobalSection
	GlobalSection(ProjectConfigurationPlatforms) = postSolution
		{2B72EF04-C054-46D1-ADBD-30726E0C225E}.Debug|Any CPU.ActiveCfg = Debug|Any CPU
		{2B72EF04-C054-46D1-ADBD-30726E0C225E}.Debug|Any CPU.Build.0 = Debug|Any CPU
		{2B72EF04-C054-46D1-ADBD-30726E0C225E}.Release|Any CPU.ActiveCfg = Release|Any CPU
		{2B72EF04-C054-46D1-ADBD-30726E0C225E}.Release|Any CPU.Build.0 = Release|Any CPU
	EndGlobalSection
	GlobalSection(SolutionProperties) = preSolution
		HideSolutionNode = FALSE
	EndGlobalSection
	GlobalSection(ExtensibilityGlobals) = postSolution
		SolutionGuid = {9FF6837B-7BAA-4C91-A2AF-5F8CE160678D}
	EndGlobalSection
EndGlobal
